
Microsoft Visual Studio Solution File, Format Version 12.00
# Visual Studio Version 17
VisualStudioVersion = 17.4.33103.184
MinimumVisualStudioVersion = 10.0.40219.1
Project("{FAE04EC0-301F-11D3-BF4B-00C04F79EFBC}") = "FordelingsHatten", "FordelingsHatten.csproj", "{B15E23F2-DB84-48C0-AF50-668616987EFD}"
EndProject
Global
	GlobalSection(SolutionConfigurationPlatforms) = preSolution
		Debug|Any CPU = Debug|Any CPU
		Release|Any CPU = Release|Any CPU
	EndGlobalSection
	GlobalSection(ProjectConfigurationPlatforms) = postSolution
		{B15E23F2-DB84-48C0-AF50-668616987EFD}.Debug|Any CPU.ActiveCfg = Debug|Any CPU
		{B15E23F2-DB84-48C0-AF50-668616987EFD}.Debug|Any CPU.Build.0 = Debug|Any CPU
		{B15E23F2-DB84-48C0-AF50-668616987EFD}.Release|Any CPU.ActiveCfg = Release|Any CPU
		{B15E23F2-DB84-48C0-AF50-668616987EFD}.Release|Any CPU.Build.0 = Release|Any CPU
	EndGlobalSection
	GlobalSection(SolutionProperties) = preSolution
		HideSolutionNode = FALSE
	EndGlobalSection
	GlobalSection(ExtensibilityGlobals) = postSolution
		SolutionGuid = {F1B891DC-31A9-463D-AD10-6A35FA1947DC}
	EndGlobalSection
EndGlobal
